
Microsoft Visual Studio Solution File, Format Version 12.00
# Visual Studio Version 17
VisualStudioVersion = 17.7.34024.191
MinimumVisualStudioVersion = 10.0.40219.1
Project("{FAE04EC0-301F-11D3-BF4B-00C04F79EFBC}") = "4.01 Hw.Web", "4.01 Hw.Web\4.01 Hw.Web.csproj", "{E6FCD3C0-C0BA-4EB4-A8B0-9606FFDDCE48}"
EndProject
Project("{FAE04EC0-301F-11D3-BF4B-00C04F79EFBC}") = "4.01 Hw.Data", "4.01 Hw.Data\4.01 Hw.Data.csproj", "{9BCA74A2-41F5-4E95-A851-661E8F804560}"
EndProject
Global
	GlobalSection(SolutionConfigurationPlatforms) = preSolution
		Debug|Any CPU = Debug|Any CPU
		Release|Any CPU = Release|Any CPU
	EndGlobalSection
	GlobalSection(ProjectConfigurationPlatforms) = postSolution
		{E6FCD3C0-C0BA-4EB4-A8B0-9606FFDDCE48}.Debug|Any CPU.ActiveCfg = Debug|Any CPU
		{E6FCD3C0-C0BA-4EB4-A8B0-9606FFDDCE48}.Debug|Any CPU.Build.0 = Debug|Any CPU
		{E6FCD3C0-C0BA-4EB4-A8B0-9606FFDDCE48}.Release|Any CPU.ActiveCfg = Release|Any CPU
		{E6FCD3C0-C0BA-4EB4-A8B0-9606FFDDCE48}.Release|Any CPU.Build.0 = Release|Any CPU
		{9BCA74A2-41F5-4E95-A851-661E8F804560}.Debug|Any CPU.ActiveCfg = Debug|Any CPU
		{9BCA74A2-41F5-4E95-A851-661E8F804560}.Debug|Any CPU.Build.0 = Debug|Any CPU
		{9BCA74A2-41F5-4E95-A851-661E8F804560}.Release|Any CPU.ActiveCfg = Release|Any CPU
		{9BCA74A2-41F5-4E95-A851-661E8F804560}.Release|Any CPU.Build.0 = Release|Any CPU
	EndGlobalSection
	GlobalSection(SolutionProperties) = preSolution
		HideSolutionNode = FALSE
	EndGlobalSection
	GlobalSection(ExtensibilityGlobals) = postSolution
		SolutionGuid = {3A39D943-CCC6-4375-AC2E-F9F988A94B82}
	EndGlobalSection
EndGlobal
